// !$*UTF8*$!
{
	archiveVersion = 1;
	classes = {
	};
	objectVersion = 46;
	objects = {

/* Begin PBXBuildFile section */
		8452827F1EDE91D0000E55E1 /* main.m in Sources */ = {isa = PBXBuildFile; fileRef = 8452827E1EDE91D0000E55E1 /* main.m */; };
		845282821EDE91D0000E55E1 /* AppDelegate.m in Sources */ = {isa = PBXBuildFile; fileRef = 845282811EDE91D0000E55E1 /* AppDelegate.m */; };
		845282851EDE91D0000E55E1 /* ViewController.m in Sources */ = {isa = PBXBuildFile; fileRef = 845282841EDE91D0000E55E1 /* ViewController.m */; };
		845282881EDE91D1000E55E1 /* Main.storyboard in Resources */ = {isa = PBXBuildFile; fileRef = 845282861EDE91D1000E55E1 /* Main.storyboard */; };
		8452828A1EDE91D1000E55E1 /* Assets.xcassets in Resources */ = {isa = PBXBuildFile; fileRef = 845282891EDE91D1000E55E1 /* Assets.xcassets */; };
		8452828D1EDE91D1000E55E1 /* LaunchScreen.storyboard in Resources */ = {isa = PBXBuildFile; fileRef = 8452828B1EDE91D1000E55E1 /* LaunchScreen.storyboard */; };
		845282971EDE930F000E55E1 /* PageTabsView.m in Sources */ = {isa = PBXBuildFile; fileRef = 845282961EDE930F000E55E1 /* PageTabsView.m */; };
		8452829A1EDEACE5000E55E1 /* SubViewController.m in Sources */ = {isa = PBXBuildFile; fileRef = 845282991EDEACE5000E55E1 /* SubViewController.m */; };
/* End PBXBuildFile section */

/* Begin PBXFileReference section */
		8452827A1EDE91D0000E55E1 /* PageTabsControllers.app */ = {isa = PBXFileReference; explicitFileType = wrapper.application; includeInIndex = 0; path = PageTabsControllers.app; sourceTree = BUILT_PRODUCTS_DIR; };
		8452827E1EDE91D0000E55E1 /* main.m */ = {isa = PBXFileReference; lastKnownFileType = sourcecode.c.objc; path = main.m; sourceTree = "<group>"; };
		845282801EDE91D0000E55E1 /* AppDelegate.h */ = {isa = PBXFileReference; lastKnownFileType = sourcecode.c.h; path = AppDelegate.h; sourceTree = "<group>"; };
		845282811EDE91D0000E55E1 /* AppDelegate.m */ = {isa = PBXFileReference; lastKnownFileType = sourcecode.c.objc; path = AppDelegate.m; sourceTree = "<group>"; };
		845282831EDE91D0000E55E1 /* ViewController.h */ = {isa = PBXFileReference; lastKnownFileType = sourcecode.c.h; path = ViewController.h; sourceTree = "<group>"; };
		845282841EDE91D0000E55E1 /* ViewController.m */ = {isa = PBXFileReference; lastKnownFileType = sourcecode.c.objc; path = ViewController.m; sourceTree = "<group>"; };
		845282871EDE91D1000E55E1 /* Base */ = {isa = PBXFileReference; lastKnownFileType = file.storyboard; name = Base; path = Base.lproj/Main.storyboard; sourceTree = "<group>"; };
		845282891EDE91D1000E55E1 /* Assets.xcassets */ = {isa = PBXFileReference; lastKnownFileType = folder.assetcatalog; path = Assets.xcassets; sourceTree = "<group>"; };
		8452828C1EDE91D1000E55E1 /* Base */ = {isa = PBXFileReference; lastKnownFileType = file.storyboard; name = Base; path = Base.lproj/LaunchScreen.storyboard; sourceTree = "<group>"; };
		8452828E1EDE91D1000E55E1 /* Info.plist */ = {isa = PBXFileReference; lastKnownFileType = text.plist.xml; path = Info.plist; sourceTree = "<group>"; };
		845282951EDE930F000E55E1 /* PageTabsView.h */ = {isa = PBXFileReference; fileEncoding = 4; lastKnownFileType = sourcecode.c.h; path = PageTabsView.h; sourceTree = "<group>"; };
		845282961EDE930F000E55E1 /* PageTabsView.m */ = {isa = PBXFileReference; fileEncoding = 4; lastKnownFileType = sourcecode.c.objc; path = PageTabsView.m; sourceTree = "<group>"; };
		845282981EDEACE5000E55E1 /* SubViewController.h */ = {isa = PBXFileReference; fileEncoding = 4; lastKnownFileType = sourcecode.c.h; path = SubViewController.h; sourceTree = "<group>"; };
		845282991EDEACE5000E55E1 /* SubViewController.m */ = {isa = PBXFileReference; fileEncoding = 4; lastKnownFileType = sourcecode.c.objc; path = SubViewController.m; sourceTree = "<group>"; };
/* End PBXFileReference section */

/* Begin PBXFrameworksBuildPhase section */
		845282771EDE91D0000E55E1 /* Frameworks */ = {
			isa = PBXFrameworksBuildPhase;
			buildActionMask = 2147483647;
			files = (
			);
			runOnlyForDeploymentPostprocessing = 0;
		};
/* End PBXFrameworksBuildPhase section */

/* Begin PBXGroup section */
		845282711EDE91CF000E55E1 = {
			isa = PBXGroup;
			children = (
				8452827C1EDE91D0000E55E1 /* PageTabsControllers */,
				8452827B1EDE91D0000E55E1 /* Products */,
			);
			sourceTree = "<group>";
		};
		8452827B1EDE91D0000E55E1 /* Products */ = {
			isa = PBXGroup;
			children = (
				8452827A1EDE91D0000E55E1 /* PageTabsControllers.app */,
			);
			name = Products;
			sourceTree = "<group>";
		};
		8452827C1EDE91D0000E55E1 /* PageTabsControllers */ = {
			isa = PBXGroup;
			children = (
				845282941EDE92FB000E55E1 /* PageTabsView */,
				845282801EDE91D0000E55E1 /* AppDelegate.h */,
				845282811EDE91D0000E55E1 /* AppDelegate.m */,
				845282831EDE91D0000E55E1 /* ViewController.h */,
				845282841EDE91D0000E55E1 /* ViewController.m */,
				845282861EDE91D1000E55E1 /* Main.storyboard */,
				845282891EDE91D1000E55E1 /* Assets.xcassets */,
				8452828B1EDE91D1000E55E1 /* LaunchScreen.storyboard */,
				8452828E1EDE91D1000E55E1 /* Info.plist */,
				8452827D1EDE91D0000E55E1 /* Supporting Files */,
				845282981EDEACE5000E55E1 /* SubViewController.h */,
				845282991EDEACE5000E55E1 /* SubViewController.m */,
			);
			path = PageTabsControllers;
			sourceTree = "<group>";
		};
		8452827D1EDE91D0000E55E1 /* Supporting Files */ = {
			isa = PBXGroup;
			children = (
				8452827E1EDE91D0000E55E1 /* main.m */,
			);
			name = "Supporting Files";
			sourceTree = "<group>";
		};
		845282941EDE92FB000E55E1 /* PageTabsView */ = {
			isa = PBXGroup;
			children = (
				845282951EDE930F000E55E1 /* PageTabsView.h */,
				845282961EDE930F000E55E1 /* PageTabsView.m */,
			);
			path = PageTabsView;
			sourceTree = "<group>";
		};
/* End PBXGroup section */

/* Begin PBXNativeTarget section */
		845282791EDE91D0000E55E1 /* PageTabsControllers */ = {
			isa = PBXNativeTarget;
			buildConfigurationList = 845282911EDE91D1000E55E1 /* Build configuration list for PBXNativeTarget "PageTabsControllers" */;
			buildPhases = (
				845282761EDE91D0000E55E1 /* Sources */,
				845282771EDE91D0000E55E1 /* Frameworks */,
				845282781EDE91D0000E55E1 /* Resources */,
			);
			buildRules = (
			);
			dependencies = (
			);
			name = PageTabsControllers;
			productName = PageTabsControllers;
			productReference = 8452827A1EDE91D0000E55E1 /* PageTabsControllers.app */;
			productType = "com.apple.product-type.application";
		};
/* End PBXNativeTarget section */

/* Begin PBXProject section */
		845282721EDE91CF000E55E1 /* Project object */ = {
			isa = PBXProject;
			attributes = {
				LastUpgradeCheck = 0820;
				ORGANIZATIONNAME = ag;
				TargetAttributes = {
					845282791EDE91D0000E55E1 = {
						CreatedOnToolsVersion = 8.2.1;
						DevelopmentTeam = 8WTZ896FFY;
						ProvisioningStyle = Automatic;
					};
				};
			};
			buildConfigurationList = 845282751EDE91CF000E55E1 /* Build configuration list for PBXProject "PageTabsControllers" */;
			compatibilityVersion = "Xcode 3.2";
			developmentRegion = English;
			hasScannedForEncodings = 0;
			knownRegions = (
				en,
				Base,
			);
			mainGroup = 845282711EDE91CF000E55E1;
			productRefGroup = 8452827B1EDE91D0000E55E1 /* Products */;
			projectDirPath = "";
			projectRoot = "";
			targets = (
				845282791EDE91D0000E55E1 /* PageTabsControllers */,
			);
		};
/* End PBXProject section */

/* Begin PBXResourcesBuildPhase section */
		845282781EDE91D0000E55E1 /* Resources */ = {
			isa = PBXResourcesBuildPhase;
			buildActionMask = 2147483647;
			files = (
				8452828D1EDE91D1000E55E1 /* LaunchScreen.storyboard in Resources */,
				8452828A1EDE91D1000E55E1 /* Assets.xcassets in Resources */,
				845282881EDE91D1000E55E1 /* Main.storyboard in Resources */,
			);
			runOnlyForDeploymentPostprocessing = 0;
		};
/* End PBXResourcesBuildPhase section */

/* Begin PBXSourcesBuildPhase section */
		845282761EDE91D0000E55E1 /* Sources */ = {
			isa = PBXSourcesBuildPhase;
			buildActionMask = 2147483647;
			files = (
				8452829A1EDEACE5000E55E1 /* SubViewController.m in Sources */,
				845282851EDE91D0000E55E1 /* ViewController.m in Sources */,
				845282821EDE91D0000E55E1 /* AppDelegate.m in Sources */,
				8452827F1EDE91D0000E55E1 /* main.m in Sources */,
				845282971EDE930F000E55E1 /* PageTabsView.m in Sources */,
			);
			runOnlyForDeploymentPostprocessing = 0;
		};
/* End PBXSourcesBuildPhase section */

/* Begin PBXVariantGroup section */
		845282861EDE91D1000E55E1 /* Main.storyboard */ = {
			isa = PBXVariantGroup;
			children = (
				845282871EDE91D1000E55E1 /* Base */,
			);
			name = Main.storyboard;
			sourceTree = "<group>";
		};
		8452828B1EDE91D1000E55E1 /* LaunchScreen.storyboard */ = {
			isa = PBXVariantGroup;
			children = (
				8452828C1EDE91D1000E55E1 /* Base */,
			);
			name = LaunchScreen.storyboard;
			sourceTree = "<group>";
		};
/* End PBXVariantGroup section */

/* Begin XCBuildConfiguration section */
		8452828F1EDE91D1000E55E1 /* Debug */ = {
			isa = XCBuildConfiguration;
			buildSettings = {
				ALWAYS_SEARCH_USER_PATHS = NO;
				CLANG_ANALYZER_NONNULL = YES;
				CLANG_CXX_LANGUAGE_STANDARD = "gnu++0x";
				CLANG_CXX_LIBRARY = "libc++";
				CLANG_ENABLE_MODULES = YES;
				CLANG_ENABLE_OBJC_ARC = YES;
				CLANG_WARN_BOOL_CONVERSION = YES;
				CLANG_WARN_CONSTANT_CONVERSION = YES;
				CLANG_WARN_DIRECT_OBJC_ISA_USAGE = YES_ERROR;
				CLANG_WARN_DOCUMENTATION_COMMENTS = YES;
				CLANG_WARN_EMPTY_BODY = YES;
				CLANG_WARN_ENUM_CONVERSION = YES;
				CLANG_WARN_INFINITE_RECURSION = YES;
				CLANG_WARN_INT_CONVERSION = YES;
				CLANG_WARN_OBJC_ROOT_CLASS = YES_ERROR;
				CLANG_WARN_SUSPICIOUS_MOVE = YES;
				CLANG_WARN_UNREACHABLE_CODE = YES;
				CLANG_WARN__DUPLICATE_METHOD_MATCH = YES;
				"CODE_SIGN_IDENTITY[sdk=iphoneos*]" = "iPhone Developer";
				COPY_PHASE_STRIP = NO;
				DEBUG_INFORMATION_FORMAT = dwarf;
				ENABLE_STRICT_OBJC_MSGSEND = YES;
				ENABLE_TESTABILITY = YES;
				GCC_C_LANGUAGE_STANDARD = gnu99;
				GCC_DYNAMIC_NO_PIC = NO;
				GCC_NO_COMMON_BLOCKS = YES;
				GCC_OPTIMIZATION_LEVEL = 0;
				GCC_PREPROCESSOR_DEFINITIONS = (
					"DEBUG=1",
					"$(inherited)",
				);
				GCC_WARN_64_TO_32_BIT_CONVERSION = YES;
				GCC_WARN_ABOUT_RETURN_TYPE = YES_ERROR;
				GCC_WARN_UNDECLARED_SELECTOR = YES;
				GCC_WARN_UNINITIALIZED_AUTOS = YES_AGGRESSIVE;
				GCC_WARN_UNUSED_FUNCTION = YES;
				GCC_WARN_UNUSED_VARIABLE = YES;
				IPHONEOS_DEPLOYMENT_TARGET = 10.2;
				MTL_ENABLE_DEBUG_INFO = YES;
				ONLY_ACTIVE_ARCH = YES;
				SDKROOT = iphoneos;
				TARGETED_DEVICE_FAMILY = "1,2";
			};
			name = Debug;
		};
		845282901EDE91D1000E55E1 /* Release */ = {
			isa = XCBuildConfiguration;
			buildSettings = {
				ALWAYS_SEARCH_USER_PATHS = NO;
				CLANG_ANALYZER_NONNULL = YES;
				CLANG_CXX_LANGUAGE_STANDARD = "gnu++0x";
				CLANG_CXX_LIBRARY = "libc++";
				CLANG_ENABLE_MODULES = YES;
				CLANG_ENABLE_OBJC_ARC = YES;
				CLANG_WARN_BOOL_CONVERSION = YES;
				CLANG_WARN_CONSTANT_CONVERSION = YES;
				CLANG_WARN_DIRECT_OBJC_ISA_USAGE = YES_ERROR;
				CLANG_WARN_DOCUMENTATION_COMMENTS = YES;
				CLANG_WARN_EMPTY_BODY = YES;
				CLANG_WARN_ENUM_CONVERSION = YES;
				CLANG_WARN_INFINITE_RECURSION = YES;
				CLANG_WARN_INT_CONVERSION = YES;
				CLANG_WARN_OBJC_ROOT_CLASS = YES_ERROR;
				CLANG_WARN_SUSPICIOUS_MOVE = YES;
				CLANG_WARN_UNREACHABLE_CODE = YES;
				CLANG_WARN__DUPLICATE_METHOD_MATCH = YES;
				"CODE_SIGN_IDENTITY[sdk=iphoneos*]" = "iPhone Developer";
				COPY_PHASE_STRIP = NO;
				DEBUG_INFORMATION_FORMAT = "dwarf-with-dsym";
				ENABLE_NS_ASSERTIONS = NO;
				ENABLE_STRICT_OBJC_MSGSEND = YES;
				GCC_C_LANGUAGE_STANDARD = gnu99;
				GCC_NO_COMMON_BLOCKS = YES;
				GCC_WARN_64_TO_32_BIT_CONVERSION = YES;
				GCC_WARN_ABOUT_RETURN_TYPE = YES_ERROR;
				GCC_WARN_UNDECLARED_SELECTOR = YES;
				GCC_WARN_UNINITIALIZED_AUTOS = YES_AGGRESSIVE;
				GCC_WARN_UNUSED_FUNCTION = YES;
				GCC_WARN_UNUSED_VARIABLE = YES;
				IPHONEOS_DEPLOYMENT_TARGET = 10.2;
				MTL_ENABLE_DEBUG_INFO = NO;
				SDKROOT = iphoneos;
				TARGETED_DEVICE_FAMILY = "1,2";
				VALIDATE_PRODUCT = YES;
			};
			name = Release;
		};
		845282921EDE91D1000E55E1 /* Debug */ = {
			isa = XCBuildConfiguration;
			buildSettings = {
				ASSETCATALOG_COMPILER_APPICON_NAME = AppIcon;
				DEVELOPMENT_TEAM = 8WTZ896FFY;
				INFOPLIST_FILE = PageTabsControllers/Info.plist;
				LD_RUNPATH_SEARCH_PATHS = "$(inherited) @executable_path/Frameworks";
				PRODUCT_BUNDLE_IDENTIFIER = ag.PageTabsControllers;
				PRODUCT_NAME = "$(TARGET_NAME)";
			};
			name = Debug;
		};
		845282931EDE91D1000E55E1 /* Release */ = {
			isa = XCBuildConfiguration;
			buildSettings = {
				ASSETCATALOG_COMPILER_APPICON_NAME = AppIcon;
				DEVELOPMENT_TEAM = 8WTZ896FFY;
				INFOPLIST_FILE = PageTabsControllers/Info.plist;
				LD_RUNPATH_SEARCH_PATHS = "$(inherited) @executable_path/Frameworks";
				PRODUCT_BUNDLE_IDENTIFIER = ag.PageTabsControllers;
				PRODUCT_NAME = "$(TARGET_NAME)";
			};
			name = Release;
		};
/* End XCBuildConfiguration section */

/* Begin XCConfigurationList section */
		845282751EDE91CF000E55E1 /* Build configuration list for PBXProject "PageTabsControllers" */ = {
			isa = XCConfigurationList;
			buildConfigurations = (
				8452828F1EDE91D1000E55E1 /* Debug */,
				845282901EDE91D1000E55E1 /* Release */,
			);
			defaultConfigurationIsVisible = 0;
			defaultConfigurationName = Release;
		};
		845282911EDE91D1000E55E1 /* Build configuration list for PBXNativeTarget "PageTabsControllers" */ = {
			isa = XCConfigurationList;
			buildConfigurations = (
				845282921EDE91D1000E55E1 /* Debug */,
				845282931EDE91D1000E55E1 /* Release */,
			);
			defaultConfigurationIsVisible = 0;
		};
/* End XCConfigurationList section */
	};
	rootObject = 845282721EDE91CF000E55E1 /* Project object */;
}
